// !$*UTF8*$!
{
	archiveVersion = 1;
	classes = {
	};
	objectVersion = 46;
	objects = {

/* Begin PBXBuildFile section */
		09E4C2201BFFA3020014E935 /* AppDelegate.swift in Sources */ = {isa = PBXBuildFile; fileRef = 09E4C21F1BFFA3020014E935 /* AppDelegate.swift */; };
		09E4C2221BFFA3020014E935 /* ViewController.swift in Sources */ = {isa = PBXBuildFile; fileRef = 09E4C2211BFFA3020014E935 /* ViewController.swift */; };
		09E4C2251BFFA3020014E935 /* Main.storyboard in Resources */ = {isa = PBXBuildFile; fileRef = 09E4C2231BFFA3020014E935 /* Main.storyboard */; };
		09E4C2271BFFA3020014E935 /* Assets.xcassets in Resources */ = {isa = PBXBuildFile; fileRef = 09E4C2261BFFA3020014E935 /* Assets.xcassets */; };
		09E4C22A1BFFA3020014E935 /* LaunchScreen.storyboard in Resources */ = {isa = PBXBuildFile; fileRef = 09E4C2281BFFA3020014E935 /* LaunchScreen.storyboard */; };
/* End PBXBuildFile section */

/* Begin PBXFileReference section */
		09E4C21C1BFFA3020014E935 /* TranparentNavigationBar.app */ = {isa = PBXFileReference; explicitFileType = wrapper.application; includeInIndex = 0; path = TranparentNavigationBar.app; sourceTree = BUILT_PRODUCTS_DIR; };
		09E4C21F1BFFA3020014E935 /* AppDelegate.swift */ = {isa = PBXFileReference; lastKnownFileType = sourcecode.swift; path = AppDelegate.swift; sourceTree = "<group>"; };
		09E4C2211BFFA3020014E935 /* ViewController.swift */ = {isa = PBXFileReference; lastKnownFileType = sourcecode.swift; path = ViewController.swift; sourceTree = "<group>"; };
		09E4C2241BFFA3020014E935 /* Base */ = {isa = PBXFileReference; lastKnownFileType = file.storyboard; name = Base; path = Base.lproj/Main.storyboard; sourceTree = "<group>"; };
		09E4C2261BFFA3020014E935 /* Assets.xcassets */ = {isa = PBXFileReference; lastKnownFileType = folder.assetcatalog; path = Assets.xcassets; sourceTree = "<group>"; };
		09E4C2291BFFA3020014E935 /* Base */ = {isa = PBXFileReference; lastKnownFileType = file.storyboard; name = Base; path = Base.lproj/LaunchScreen.storyboard; sourceTree = "<group>"; };
		09E4C22B1BFFA3020014E935 /* Info.plist */ = {isa = PBXFileReference; lastKnownFileType = text.plist.xml; path = Info.plist; sourceTree = "<group>"; };
/* End PBXFileReference section */

/* Begin PBXFrameworksBuildPhase section */
		09E4C2191BFFA3020014E935 /* Frameworks */ = {
			isa = PBXFrameworksBuildPhase;
			buildActionMask = 2147483647;
			files = (
			);
			runOnlyForDeploymentPostprocessing = 0;
		};
/* End PBXFrameworksBuildPhase section */

/* Begin PBXGroup section */
		09E4C2131BFFA3020014E935 = {
			isa = PBXGroup;
			children = (
				09E4C21E1BFFA3020014E935 /* TranparentNavigationBar */,
				09E4C21D1BFFA3020014E935 /* Products */,
			);
			sourceTree = "<group>";
		};
		09E4C21D1BFFA3020014E935 /* Products */ = {
			isa = PBXGroup;
			children = (
				09E4C21C1BFFA3020014E935 /* TranparentNavigationBar.app */,
			);
			name = Products;
			sourceTree = "<group>";
		};
		09E4C21E1BFFA3020014E935 /* TranparentNavigationBar */ = {
			isa = PBXGroup;
			children = (
				09E4C21F1BFFA3020014E935 /* AppDelegate.swift */,
				09E4C2211BFFA3020014E935 /* ViewController.swift */,
				09E4C2231BFFA3020014E935 /* Main.storyboard */,
				09E4C2261BFFA3020014E935 /* Assets.xcassets */,
				09E4C2281BFFA3020014E935 /* LaunchScreen.storyboard */,
				09E4C22B1BFFA3020014E935 /* Info.plist */,
			);
			path = TranparentNavigationBar;
			sourceTree = "<group>";
		};
/* End PBXGroup section */

/* Begin PBXNativeTarget section */
		09E4C21B1BFFA3020014E935 /* TranparentNavigationBar */ = {
			isa = PBXNativeTarget;
			buildConfigurationList = 09E4C22E1BFFA3020014E935 /* Build configuration list for PBXNativeTarget "TranparentNavigationBar" */;
			buildPhases = (
				09E4C2181BFFA3020014E935 /* Sources */,
				09E4C2191BFFA3020014E935 /* Frameworks */,
				09E4C21A1BFFA3020014E935 /* Resources */,
			);
			buildRules = (
			);
			dependencies = (
			);
			name = TranparentNavigationBar;
			productName = TranparentNavigationBar;
			productReference = 09E4C21C1BFFA3020014E935 /* TranparentNavigationBar.app */;
			productType = "com.apple.product-type.application";
		};
/* End PBXNativeTarget section */

/* Begin PBXProject section */
		09E4C2141BFFA3020014E935 /* Project object */ = {
			isa = PBXProject;
			attributes = {
				LastUpgradeCheck = 0700;
				ORGANIZATIONNAME = "Nikesh Hayaran";
				TargetAttributes = {
					09E4C21B1BFFA3020014E935 = {
						CreatedOnToolsVersion = 7.0.1;
					};
				};
			};
			buildConfigurationList = 09E4C2171BFFA3020014E935 /* Build configuration list for PBXProject "TranparentNavigationBar" */;
			compatibilityVersion = "Xcode 3.2";
			developmentRegion = English;
			hasScannedForEncodings = 0;
			knownRegions = (
				en,
				Base,
			);
			mainGroup = 09E4C2131BFFA3020014E935;
			productRefGroup = 09E4C21D1BFFA3020014E935 /* Products */;
			projectDirPath = "";
			projectRoot = "";
			targets = (
				09E4C21B1BFFA3020014E935 /* TranparentNavigationBar */,
			);
		};
/* End PBXProject section */

/* Begin PBXResourcesBuildPhase section */
		09E4C21A1BFFA3020014E935 /* Resources */ = {
			isa = PBXResourcesBuildPhase;
			buildActionMask = 2147483647;
			files = (
				09E4C22A1BFFA3020014E935 /* LaunchScreen.storyboard in Resources */,
				09E4C2271BFFA3020014E935 /* Assets.xcassets in Resources */,
				09E4C2251BFFA3020014E935 /* Main.storyboard in Resources */,
			);
			runOnlyForDeploymentPostprocessing = 0;
		};
/* End PBXResourcesBuildPhase section */

/* Begin PBXSourcesBuildPhase section */
		09E4C2181BFFA3020014E935 /* Sources */ = {
			isa = PBXSourcesBuildPhase;
			buildActionMask = 2147483647;
			files = (
				09E4C2221BFFA3020014E935 /* ViewController.swift in Sources */,
				09E4C2201BFFA3020014E935 /* AppDelegate.swift in Sources */,
			);
			runOnlyForDeploymentPostprocessing = 0;
		};
/* End PBXSourcesBuildPhase section */

/* Begin PBXVariantGroup section */
		09E4C2231BFFA3020014E935 /* Main.storyboard */ = {
			isa = PBXVariantGroup;
			children = (
				09E4C2241BFFA3020014E935 /* Base */,
			);
			name = Main.storyboard;
			sourceTree = "<group>";
		};
		09E4C2281BFFA3020014E935 /* LaunchScreen.storyboard */ = {
			isa = PBXVariantGroup;
			children = (
				09E4C2291BFFA3020014E935 /* Base */,
			);
			name = LaunchScreen.storyboard;
			sourceTree = "<group>";
		};
/* End PBXVariantGroup section */

/* Begin XCBuildConfiguration section */
		09E4C22C1BFFA3020014E935 /* Debug */ = {
			isa = XCBuildConfiguration;
			buildSettings = {
				ALWAYS_SEARCH_USER_PATHS = NO;
				CLANG_CXX_LANGUAGE_STANDARD = "gnu++0x";
				CLANG_CXX_LIBRARY = "libc++";
				CLANG_ENABLE_MODULES = YES;
				CLANG_ENABLE_OBJC_ARC = YES;
				CLANG_WARN_BOOL_CONVERSION = YES;
				CLANG_WARN_CONSTANT_CONVERSION = YES;
				CLANG_WARN_DIRECT_OBJC_ISA_USAGE = YES_ERROR;
				CLANG_WARN_EMPTY_BODY = YES;
				CLANG_WARN_ENUM_CONVERSION = YES;
				CLANG_WARN_INT_CONVERSION = YES;
				CLANG_WARN_OBJC_ROOT_CLASS = YES_ERROR;
				CLANG_WARN_UNREACHABLE_CODE = YES;
				CLANG_WARN__DUPLICATE_METHOD_MATCH = YES;
				"CODE_SIGN_IDENTITY[sdk=iphoneos*]" = "iPhone Developer";
				COPY_PHASE_STRIP = NO;
				DEBUG_INFORMATION_FORMAT = dwarf;
				ENABLE_STRICT_OBJC_MSGSEND = YES;
				ENABLE_TESTABILITY = YES;
				GCC_C_LANGUAGE_STANDARD = gnu99;
				GCC_DYNAMIC_NO_PIC = NO;
				GCC_NO_COMMON_BLOCKS = YES;
				GCC_OPTIMIZATION_LEVEL = 0;
				GCC_PREPROCESSOR_DEFINITIONS = (
					"DEBUG=1",
					"$(inherited)",
				);
				GCC_WARN_64_TO_32_BIT_CONVERSION = YES;
				GCC_WARN_ABOUT_RETURN_TYPE = YES_ERROR;
				GCC_WARN_UNDECLARED_SELECTOR = YES;
				GCC_WARN_UNINITIALIZED_AUTOS = YES_AGGRESSIVE;
				GCC_WARN_UNUSED_FUNCTION = YES;
				GCC_WARN_UNUSED_VARIABLE = YES;
				IPHONEOS_DEPLOYMENT_TARGET = 9.0;
				MTL_ENABLE_DEBUG_INFO = YES;
				ONLY_ACTIVE_ARCH = YES;
				SDKROOT = iphoneos;
				SWIFT_OPTIMIZATION_LEVEL = "-Onone";
			};
			name = Debug;
		};
		09E4C22D1BFFA3020014E935 /* Release */ = {
			isa = XCBuildConfiguration;
			buildSettings = {
				ALWAYS_SEARCH_USER_PATHS = NO;
				CLANG_CXX_LANGUAGE_STANDARD = "gnu++0x";
				CLANG_CXX_LIBRARY = "libc++";
				CLANG_ENABLE_MODULES = YES;
				CLANG_ENABLE_OBJC_ARC = YES;
				CLANG_WARN_BOOL_CONVERSION = YES;
				CLANG_WARN_CONSTANT_CONVERSION = YES;
				CLANG_WARN_DIRECT_OBJC_ISA_USAGE = YES_ERROR;
				CLANG_WARN_EMPTY_BODY = YES;
				CLANG_WARN_ENUM_CONVERSION = YES;
				CLANG_WARN_INT_CONVERSION = YES;
				CLANG_WARN_OBJC_ROOT_CLASS = YES_ERROR;
				CLANG_WARN_UNREACHABLE_CODE = YES;
				CLANG_WARN__DUPLICATE_METHOD_MATCH = YES;
				"CODE_SIGN_IDENTITY[sdk=iphoneos*]" = "iPhone Developer";
				COPY_PHASE_STRIP = NO;
				DEBUG_INFORMATION_FORMAT = "dwarf-with-dsym";
				ENABLE_NS_ASSERTIONS = NO;
				ENABLE_STRICT_OBJC_MSGSEND = YES;
				GCC_C_LANGUAGE_STANDARD = gnu99;
				GCC_NO_COMMON_BLOCKS = YES;
				GCC_WARN_64_TO_32_BIT_CONVERSION = YES;
				GCC_WARN_ABOUT_RETURN_TYPE = YES_ERROR;
				GCC_WARN_UNDECLARED_SELECTOR = YES;
				GCC_WARN_UNINITIALIZED_AUTOS = YES_AGGRESSIVE;
				GCC_WARN_UNUSED_FUNCTION = YES;
				GCC_WARN_UNUSED_VARIABLE = YES;
				IPHONEOS_DEPLOYMENT_TARGET = 9.0;
				MTL_ENABLE_DEBUG_INFO = NO;
				SDKROOT = iphoneos;
				VALIDATE_PRODUCT = YES;
			};
			name = Release;
		};
		09E4C22F1BFFA3020014E935 /* Debug */ = {
			isa = XCBuildConfiguration;
			buildSettings = {
				ASSETCATALOG_COMPILER_APPICON_NAME = AppIcon;
				INFOPLIST_FILE = TranparentNavigationBar/Info.plist;
				LD_RUNPATH_SEARCH_PATHS = "$(inherited) @executable_path/Frameworks";
				PRODUCT_BUNDLE_IDENTIFIER = com.app.TranparentNavigationBar;
				PRODUCT_NAME = "$(TARGET_NAME)";
			};
			name = Debug;
		};
		09E4C2301BFFA3020014E935 /* Release */ = {
			isa = XCBuildConfiguration;
			buildSettings = {
				ASSETCATALOG_COMPILER_APPICON_NAME = AppIcon;
				INFOPLIST_FILE = TranparentNavigationBar/Info.plist;
				LD_RUNPATH_SEARCH_PATHS = "$(inherited) @executable_path/Frameworks";
				PRODUCT_BUNDLE_IDENTIFIER = com.app.TranparentNavigationBar;
				PRODUCT_NAME = "$(TARGET_NAME)";
			};
			name = Release;
		};
/* End XCBuildConfiguration section */

/* Begin XCConfigurationList section */
		09E4C2171BFFA3020014E935 /* Build configuration list for PBXProject "TranparentNavigationBar" */ = {
			isa = XCConfigurationList;
			buildConfigurations = (
				09E4C22C1BFFA3020014E935 /* Debug */,
				09E4C22D1BFFA3020014E935 /* Release */,
			);
			defaultConfigurationIsVisible = 0;
			defaultConfigurationName = Release;
		};
		09E4C22E1BFFA3020014E935 /* Build configuration list for PBXNativeTarget "TranparentNavigationBar" */ = {
			isa = XCConfigurationList;
			buildConfigurations = (
				09E4C22F1BFFA3020014E935 /* Debug */,
				09E4C2301BFFA3020014E935 /* Release */,
			);
			defaultConfigurationIsVisible = 0;
		};
/* End XCConfigurationList section */
	};
	rootObject = 09E4C2141BFFA3020014E935 /* Project object */;
}
